{
  "name": "lib",
  "lockfileVersion": 3,
  "requires": true,
  "packages": {
    "": {
      "dependencies": {
        "@grapecity/gcpdfviewer": "^7.2.3",
        "@mescius/dspdfviewer": "^8.0.0"
      }
    },
    "node_modules/@grapecity/gcpdfviewer": {
      "version": "7.2.3",
      "resolved": "https://registry.npmjs.org/@grapecity/gcpdfviewer/-/gcpdfviewer-7.2.3.tgz",
      "integrity": "sha512-O/Tpq0qUwPtMAqbF/e72fVYX4COtZrIyg0eYg3MXcbAEjyFdGWR/pYc9zkJ9XcPo8hu1Gdu/HeRoOit7OyVukA=="
    },
    "node_modules/@mescius/dspdfviewer": {
      "version": "8.0.0",
      "resolved": "https://registry.npmjs.org/@mescius/dspdfviewer/-/dspdfviewer-8.0.0.tgz",
      "integrity": "sha512-7ne/Ow7L71gkB3HhF54/EtM7qbD6N3XnFwYKspzeqgXD+eSbP+NaK9Vo1wFE+tbijjXwbeNeCJAMA1j3wlZOKg=="
    }
  }
}
